
Microsoft Visual Studio Solution File, Format Version 12.00
Project("{FAE04EC0-301F-11D3-BF4B-00C04F79EFBC}") = "Crux", "Crux\Crux.csproj", "{36FA0382-DF58-426A-9F78-DA5F97947D27}"
EndProject
Global
	GlobalSection(SolutionConfigurationPlatforms) = preSolution
		Debug|Any CPU = Debug|Any CPU
		Release|Any CPU = Release|Any CPU
	EndGlobalSection
	GlobalSection(ProjectConfigurationPlatforms) = postSolution
		{36FA0382-DF58-426A-9F78-DA5F97947D27}.Debug|Any CPU.ActiveCfg = Debug|Any CPU
		{36FA0382-DF58-426A-9F78-DA5F97947D27}.Debug|Any CPU.Build.0 = Debug|Any CPU
		{36FA0382-DF58-426A-9F78-DA5F97947D27}.Release|Any CPU.ActiveCfg = Release|Any CPU
		{36FA0382-DF58-426A-9F78-DA5F97947D27}.Release|Any CPU.Build.0 = Release|Any CPU
	EndGlobalSection
EndGlobal
